// !$*UTF8*$!
{
	archiveVersion = 1;
	classes = {
	};
	objectVersion = 46;
	objects = {

/* Begin PBXBuildFile section */
		6003F58E195388D20070C39A /* Foundation.framework in Frameworks */ = {isa = PBXBuildFile; fileRef = 6003F58D195388D20070C39A /* Foundation.framework */; };
		6003F590195388D20070C39A /* CoreGraphics.framework in Frameworks */ = {isa = PBXBuildFile; fileRef = 6003F58F195388D20070C39A /* CoreGraphics.framework */; };
		6003F592195388D20070C39A /* UIKit.framework in Frameworks */ = {isa = PBXBuildFile; fileRef = 6003F591195388D20070C39A /* UIKit.framework */; };
		6003F598195388D20070C39A /* InfoPlist.strings in Resources */ = {isa = PBXBuildFile; fileRef = 6003F596195388D20070C39A /* InfoPlist.strings */; };
		6003F59A195388D20070C39A /* main.m in Sources */ = {isa = PBXBuildFile; fileRef = 6003F599195388D20070C39A /* main.m */; };
		6003F59E195388D20070C39A /* JRAppDelegate.m in Sources */ = {isa = PBXBuildFile; fileRef = 6003F59D195388D20070C39A /* JRAppDelegate.m */; };
		6003F5A7195388D20070C39A /* JRViewController.m in Sources */ = {isa = PBXBuildFile; fileRef = 6003F5A6195388D20070C39A /* JRViewController.m */; };
		6003F5A9195388D20070C39A /* Images.xcassets in Resources */ = {isa = PBXBuildFile; fileRef = 6003F5A8195388D20070C39A /* Images.xcassets */; };
		6003F5B0195388D20070C39A /* XCTest.framework in Frameworks */ = {isa = PBXBuildFile; fileRef = 6003F5AF195388D20070C39A /* XCTest.framework */; };
		6003F5B1195388D20070C39A /* Foundation.framework in Frameworks */ = {isa = PBXBuildFile; fileRef = 6003F58D195388D20070C39A /* Foundation.framework */; };
		6003F5B2195388D20070C39A /* UIKit.framework in Frameworks */ = {isa = PBXBuildFile; fileRef = 6003F591195388D20070C39A /* UIKit.framework */; };
		6003F5BA195388D20070C39A /* InfoPlist.strings in Resources */ = {isa = PBXBuildFile; fileRef = 6003F5B8195388D20070C39A /* InfoPlist.strings */; };
		6003F5BC195388D20070C39A /* Tests.m in Sources */ = {isa = PBXBuildFile; fileRef = 6003F5BB195388D20070C39A /* Tests.m */; };
		71719F9F1E33DC2100824A3D /* LaunchScreen.storyboard in Resources */ = {isa = PBXBuildFile; fileRef = 71719F9D1E33DC2100824A3D /* LaunchScreen.storyboard */; };
		7A2C9F252A85DCB600D44F5D /* UIControl+JRKit.m in Sources */ = {isa = PBXBuildFile; fileRef = 7A2C9F242A85DCB600D44F5D /* UIControl+JRKit.m */; };
		7A2C9F282A85DCCA00D44F5D /* NSString+JRKit.m in Sources */ = {isa = PBXBuildFile; fileRef = 7A2C9F272A85DCCA00D44F5D /* NSString+JRKit.m */; };
		7A2C9F2C2A85E2AD00D44F5D /* UIViewController+JRKit.m in Sources */ = {isa = PBXBuildFile; fileRef = 7A2C9F2B2A85E2AD00D44F5D /* UIViewController+JRKit.m */; };
		7A2C9F2F2A85E3EA00D44F5D /* UIView+JRKit.m in Sources */ = {isa = PBXBuildFile; fileRef = 7A2C9F2E2A85E3EA00D44F5D /* UIView+JRKit.m */; };
		7A2C9F312A86251500D44F5D /* JRModel.m in Sources */ = {isa = PBXBuildFile; fileRef = 7A2C9F302A86251500D44F5D /* JRModel.m */; };
		7A2C9F342A862AFF00D44F5D /* test.json in Resources */ = {isa = PBXBuildFile; fileRef = 7A2C9F332A862AFF00D44F5D /* test.json */; };
		7A76F7322A726CCF00C23891 /* UITapGestureRecognizer+JRKit.m in Sources */ = {isa = PBXBuildFile; fileRef = 7A76F7312A726CCF00C23891 /* UITapGestureRecognizer+JRKit.m */; };
		7A76F7372A7273D900C23891 /* NSObject+JRKit.m in Sources */ = {isa = PBXBuildFile; fileRef = 7A76F7362A7273D900C23891 /* NSObject+JRKit.m */; };
		7A76F73F2A72B7D600C23891 /* JRDebugManager.m in Sources */ = {isa = PBXBuildFile; fileRef = 7A76F73E2A72B7D600C23891 /* JRDebugManager.m */; };
		7A76F7422A73FD0600C23891 /* UIButton+JRKit.m in Sources */ = {isa = PBXBuildFile; fileRef = 7A76F7412A73FD0600C23891 /* UIButton+JRKit.m */; };
		7A76F7452A73FD7B00C23891 /* JRTarget.m in Sources */ = {isa = PBXBuildFile; fileRef = 7A76F7442A73FD7B00C23891 /* JRTarget.m */; };
		7A7A6F682A8A173100657C29 /* JayRKit-Info.plist in Resources */ = {isa = PBXBuildFile; fileRef = 7A7A6F672A8A173100657C29 /* JayRKit-Info.plist */; };
		7A7A6F6B2A8A2E7F00657C29 /* JRFillVerifyCodeView.m in Sources */ = {isa = PBXBuildFile; fileRef = 7A7A6F6A2A8A2E7F00657C29 /* JRFillVerifyCodeView.m */; };
		7A7A6F6E2A8A2F4700657C29 /* JRVerifyCodeInputView.m in Sources */ = {isa = PBXBuildFile; fileRef = 7A7A6F6D2A8A2F4700657C29 /* JRVerifyCodeInputView.m */; };
		7A7A6F732A8A4D7100657C29 /* JRPath.m in Sources */ = {isa = PBXBuildFile; fileRef = 7A7A6F722A8A4D7100657C29 /* JRPath.m */; };
/* End PBXBuildFile section */

/* Begin PBXContainerItemProxy section */
		6003F5B3195388D20070C39A /* PBXContainerItemProxy */ = {
			isa = PBXContainerItemProxy;
			containerPortal = 6003F582195388D10070C39A /* Project object */;
			proxyType = 1;
			remoteGlobalIDString = 6003F589195388D20070C39A;
			remoteInfo = JayRKit;
		};
/* End PBXContainerItemProxy section */

/* Begin PBXFileReference section */
		358474BF83C7A7CD98B22FAB /* LICENSE */ = {isa = PBXFileReference; includeInIndex = 1; lastKnownFileType = text; name = LICENSE; path = ../LICENSE; sourceTree = "<group>"; };
		55B3C9679938E61A05E46BF3 /* JayRKit.podspec */ = {isa = PBXFileReference; includeInIndex = 1; lastKnownFileType = text; name = JayRKit.podspec; path = ../JayRKit.podspec; sourceTree = "<group>"; };
		6003F58A195388D20070C39A /* JayRKit_Example.app */ = {isa = PBXFileReference; explicitFileType = wrapper.application; includeInIndex = 0; path = JayRKit_Example.app; sourceTree = BUILT_PRODUCTS_DIR; };
		6003F58D195388D20070C39A /* Foundation.framework */ = {isa = PBXFileReference; lastKnownFileType = wrapper.framework; name = Foundation.framework; path = System/Library/Frameworks/Foundation.framework; sourceTree = SDKROOT; };
		6003F58F195388D20070C39A /* CoreGraphics.framework */ = {isa = PBXFileReference; lastKnownFileType = wrapper.framework; name = CoreGraphics.framework; path = System/Library/Frameworks/CoreGraphics.framework; sourceTree = SDKROOT; };
		6003F591195388D20070C39A /* UIKit.framework */ = {isa = PBXFileReference; lastKnownFileType = wrapper.framework; name = UIKit.framework; path = System/Library/Frameworks/UIKit.framework; sourceTree = SDKROOT; };
		6003F597195388D20070C39A /* en */ = {isa = PBXFileReference; lastKnownFileType = text.plist.strings; name = en; path = en.lproj/InfoPlist.strings; sourceTree = "<group>"; };
		6003F599195388D20070C39A /* main.m */ = {isa = PBXFileReference; lastKnownFileType = sourcecode.c.objc; path = main.m; sourceTree = "<group>"; };
		6003F59B195388D20070C39A /* JayRKit-Prefix.pch */ = {isa = PBXFileReference; lastKnownFileType = sourcecode.c.h; path = "JayRKit-Prefix.pch"; sourceTree = "<group>"; };
		6003F59C195388D20070C39A /* JRAppDelegate.h */ = {isa = PBXFileReference; lastKnownFileType = sourcecode.c.h; path = JRAppDelegate.h; sourceTree = "<group>"; };
		6003F59D195388D20070C39A /* JRAppDelegate.m */ = {isa = PBXFileReference; lastKnownFileType = sourcecode.c.objc; path = JRAppDelegate.m; sourceTree = "<group>"; };
		6003F5A5195388D20070C39A /* JRViewController.h */ = {isa = PBXFileReference; lastKnownFileType = sourcecode.c.h; path = JRViewController.h; sourceTree = "<group>"; };
		6003F5A6195388D20070C39A /* JRViewController.m */ = {isa = PBXFileReference; lastKnownFileType = sourcecode.c.objc; path = JRViewController.m; sourceTree = "<group>"; };
		6003F5A8195388D20070C39A /* Images.xcassets */ = {isa = PBXFileReference; lastKnownFileType = folder.assetcatalog; path = Images.xcassets; sourceTree = "<group>"; };
		6003F5AE195388D20070C39A /* JayRKit_Tests.xctest */ = {isa = PBXFileReference; explicitFileType = wrapper.cfbundle; includeInIndex = 0; path = JayRKit_Tests.xctest; sourceTree = BUILT_PRODUCTS_DIR; };
		6003F5AF195388D20070C39A /* XCTest.framework */ = {isa = PBXFileReference; lastKnownFileType = wrapper.framework; name = XCTest.framework; path = Library/Frameworks/XCTest.framework; sourceTree = DEVELOPER_DIR; };
		6003F5B7195388D20070C39A /* Info.plist */ = {isa = PBXFileReference; lastKnownFileType = text.plist.xml; path = Info.plist; sourceTree = "<group>"; };
		6003F5B9195388D20070C39A /* en */ = {isa = PBXFileReference; lastKnownFileType = text.plist.strings; name = en; path = en.lproj/InfoPlist.strings; sourceTree = "<group>"; };
		6003F5BB195388D20070C39A /* Tests.m */ = {isa = PBXFileReference; lastKnownFileType = sourcecode.c.objc; path = Tests.m; sourceTree = "<group>"; };
		606FC2411953D9B200FFA9A0 /* Tests-Prefix.pch */ = {isa = PBXFileReference; lastKnownFileType = sourcecode.c.h; path = "Tests-Prefix.pch"; sourceTree = "<group>"; };
		71719F9E1E33DC2100824A3D /* Base */ = {isa = PBXFileReference; lastKnownFileType = file.storyboard; name = Base; path = Base.lproj/LaunchScreen.storyboard; sourceTree = "<group>"; };
		7A2C9F232A85DCB600D44F5D /* UIControl+JRKit.h */ = {isa = PBXFileReference; lastKnownFileType = sourcecode.c.h; path = "UIControl+JRKit.h"; sourceTree = "<group>"; };
		7A2C9F242A85DCB600D44F5D /* UIControl+JRKit.m */ = {isa = PBXFileReference; lastKnownFileType = sourcecode.c.objc; path = "UIControl+JRKit.m"; sourceTree = "<group>"; };
		7A2C9F262A85DCCA00D44F5D /* NSString+JRKit.h */ = {isa = PBXFileReference; lastKnownFileType = sourcecode.c.h; path = "NSString+JRKit.h"; sourceTree = "<group>"; };
		7A2C9F272A85DCCA00D44F5D /* NSString+JRKit.m */ = {isa = PBXFileReference; lastKnownFileType = sourcecode.c.objc; path = "NSString+JRKit.m"; sourceTree = "<group>"; };
		7A2C9F2A2A85E2AD00D44F5D /* UIViewController+JRKit.h */ = {isa = PBXFileReference; lastKnownFileType = sourcecode.c.h; path = "UIViewController+JRKit.h"; sourceTree = "<group>"; };
		7A2C9F2B2A85E2AD00D44F5D /* UIViewController+JRKit.m */ = {isa = PBXFileReference; lastKnownFileType = sourcecode.c.objc; path = "UIViewController+JRKit.m"; sourceTree = "<group>"; };
		7A2C9F2D2A85E3EA00D44F5D /* UIView+JRKit.h */ = {isa = PBXFileReference; lastKnownFileType = sourcecode.c.h; path = "UIView+JRKit.h"; sourceTree = "<group>"; };
		7A2C9F2E2A85E3EA00D44F5D /* UIView+JRKit.m */ = {isa = PBXFileReference; lastKnownFileType = sourcecode.c.objc; path = "UIView+JRKit.m"; sourceTree = "<group>"; };
		7A2C9F302A86251500D44F5D /* JRModel.m */ = {isa = PBXFileReference; lastKnownFileType = sourcecode.c.objc; path = JRModel.m; sourceTree = "<group>"; };
		7A2C9F322A86251C00D44F5D /* JRModel.h */ = {isa = PBXFileReference; lastKnownFileType = sourcecode.c.h; path = JRModel.h; sourceTree = "<group>"; };
		7A2C9F332A862AFF00D44F5D /* test.json */ = {isa = PBXFileReference; fileEncoding = 4; lastKnownFileType = text.json; path = test.json; sourceTree = "<group>"; };
		7A76F72E2A726C9F00C23891 /* JayRKit.h */ = {isa = PBXFileReference; lastKnownFileType = sourcecode.c.h; path = JayRKit.h; sourceTree = "<group>"; };
		7A76F7302A726CCF00C23891 /* UITapGestureRecognizer+JRKit.h */ = {isa = PBXFileReference; lastKnownFileType = sourcecode.c.h; path = "UITapGestureRecognizer+JRKit.h"; sourceTree = "<group>"; };
		7A76F7312A726CCF00C23891 /* UITapGestureRecognizer+JRKit.m */ = {isa = PBXFileReference; lastKnownFileType = sourcecode.c.objc; path = "UITapGestureRecognizer+JRKit.m"; sourceTree = "<group>"; };
		7A76F7352A7273D900C23891 /* NSObject+JRKit.h */ = {isa = PBXFileReference; lastKnownFileType = sourcecode.c.h; path = "NSObject+JRKit.h"; sourceTree = "<group>"; };
		7A76F7362A7273D900C23891 /* NSObject+JRKit.m */ = {isa = PBXFileReference; lastKnownFileType = sourcecode.c.objc; path = "NSObject+JRKit.m"; sourceTree = "<group>"; };
		7A76F73D2A72B7D600C23891 /* JRDebugManager.h */ = {isa = PBXFileReference; lastKnownFileType = sourcecode.c.h; path = JRDebugManager.h; sourceTree = "<group>"; };
		7A76F73E2A72B7D600C23891 /* JRDebugManager.m */ = {isa = PBXFileReference; lastKnownFileType = sourcecode.c.objc; path = JRDebugManager.m; sourceTree = "<group>"; };
		7A76F7402A73FD0600C23891 /* UIButton+JRKit.h */ = {isa = PBXFileReference; lastKnownFileType = sourcecode.c.h; path = "UIButton+JRKit.h"; sourceTree = "<group>"; };
		7A76F7412A73FD0600C23891 /* UIButton+JRKit.m */ = {isa = PBXFileReference; lastKnownFileType = sourcecode.c.objc; path = "UIButton+JRKit.m"; sourceTree = "<group>"; };
		7A76F7432A73FD7B00C23891 /* JRTarget.h */ = {isa = PBXFileReference; lastKnownFileType = sourcecode.c.h; path = JRTarget.h; sourceTree = "<group>"; };
		7A76F7442A73FD7B00C23891 /* JRTarget.m */ = {isa = PBXFileReference; lastKnownFileType = sourcecode.c.objc; path = JRTarget.m; sourceTree = "<group>"; };
		7A7A6F672A8A173100657C29 /* JayRKit-Info.plist */ = {isa = PBXFileReference; fileEncoding = 4; lastKnownFileType = text.plist.xml; name = "JayRKit-Info.plist"; path = "../../JayRKit-Info.plist"; sourceTree = "<group>"; };
		7A7A6F6A2A8A2E7F00657C29 /* JRFillVerifyCodeView.m */ = {isa = PBXFileReference; lastKnownFileType = sourcecode.c.objc; path = JRFillVerifyCodeView.m; sourceTree = "<group>"; };
		7A7A6F6C2A8A2E8700657C29 /* JRFillVerifyCodeView.h */ = {isa = PBXFileReference; lastKnownFileType = sourcecode.c.h; path = JRFillVerifyCodeView.h; sourceTree = "<group>"; };
		7A7A6F6D2A8A2F4700657C29 /* JRVerifyCodeInputView.m */ = {isa = PBXFileReference; lastKnownFileType = sourcecode.c.objc; path = JRVerifyCodeInputView.m; sourceTree = "<group>"; };
		7A7A6F6F2A8A2F5000657C29 /* JRVerifyCodeInputView.h */ = {isa = PBXFileReference; lastKnownFileType = sourcecode.c.h; path = JRVerifyCodeInputView.h; sourceTree = "<group>"; };
		7A7A6F722A8A4D7100657C29 /* JRPath.m */ = {isa = PBXFileReference; lastKnownFileType = sourcecode.c.objc; path = JRPath.m; sourceTree = "<group>"; };
		7A7A6F742A8A4D7800657C29 /* JRPath.h */ = {isa = PBXFileReference; lastKnownFileType = sourcecode.c.h; path = JRPath.h; sourceTree = "<group>"; };
		7AE157442A80CBE2006435E8 /* JRMacro.h */ = {isa = PBXFileReference; lastKnownFileType = sourcecode.c.h; path = JRMacro.h; sourceTree = "<group>"; };
		DA2F9E815A13421E8D2208BE /* README.md */ = {isa = PBXFileReference; includeInIndex = 1; lastKnownFileType = net.daringfireball.markdown; name = README.md; path = ../README.md; sourceTree = "<group>"; };
/* End PBXFileReference section */

/* Begin PBXFrameworksBuildPhase section */
		6003F587195388D20070C39A /* Frameworks */ = {
			isa = PBXFrameworksBuildPhase;
			buildActionMask = 2147483647;
			files = (
				6003F590195388D20070C39A /* CoreGraphics.framework in Frameworks */,
				6003F592195388D20070C39A /* UIKit.framework in Frameworks */,
				6003F58E195388D20070C39A /* Foundation.framework in Frameworks */,
			);
			runOnlyForDeploymentPostprocessing = 0;
		};
		6003F5AB195388D20070C39A /* Frameworks */ = {
			isa = PBXFrameworksBuildPhase;
			buildActionMask = 2147483647;
			files = (
				6003F5B0195388D20070C39A /* XCTest.framework in Frameworks */,
				6003F5B2195388D20070C39A /* UIKit.framework in Frameworks */,
				6003F5B1195388D20070C39A /* Foundation.framework in Frameworks */,
			);
			runOnlyForDeploymentPostprocessing = 0;
		};
/* End PBXFrameworksBuildPhase section */

/* Begin PBXGroup section */
		6003F581195388D10070C39A = {
			isa = PBXGroup;
			children = (
				7A76F72D2A726C7800C23891 /* JayRKit */,
				60FF7A9C1954A5C5007DD14C /* Podspec Metadata */,
				6003F593195388D20070C39A /* Example for JayRKit */,
				6003F5B5195388D20070C39A /* Tests */,
				6003F58C195388D20070C39A /* Frameworks */,
				6003F58B195388D20070C39A /* Products */,
			);
			sourceTree = "<group>";
		};
		6003F58B195388D20070C39A /* Products */ = {
			isa = PBXGroup;
			children = (
				6003F58A195388D20070C39A /* JayRKit_Example.app */,
				6003F5AE195388D20070C39A /* JayRKit_Tests.xctest */,
			);
			name = Products;
			sourceTree = "<group>";
		};
		6003F58C195388D20070C39A /* Frameworks */ = {
			isa = PBXGroup;
			children = (
				6003F58D195388D20070C39A /* Foundation.framework */,
				6003F58F195388D20070C39A /* CoreGraphics.framework */,
				6003F591195388D20070C39A /* UIKit.framework */,
				6003F5AF195388D20070C39A /* XCTest.framework */,
			);
			name = Frameworks;
			sourceTree = "<group>";
		};
		6003F593195388D20070C39A /* Example for JayRKit */ = {
			isa = PBXGroup;
			children = (
				7A2C9F332A862AFF00D44F5D /* test.json */,
				6003F59C195388D20070C39A /* JRAppDelegate.h */,
				6003F59D195388D20070C39A /* JRAppDelegate.m */,
				6003F5A5195388D20070C39A /* JRViewController.h */,
				6003F5A6195388D20070C39A /* JRViewController.m */,
				71719F9D1E33DC2100824A3D /* LaunchScreen.storyboard */,
				6003F5A8195388D20070C39A /* Images.xcassets */,
				6003F594195388D20070C39A /* Supporting Files */,
			);
			name = "Example for JayRKit";
			path = JayRKit;
			sourceTree = "<group>";
		};
		6003F594195388D20070C39A /* Supporting Files */ = {
			isa = PBXGroup;
			children = (
				7A7A6F672A8A173100657C29 /* JayRKit-Info.plist */,
				6003F596195388D20070C39A /* InfoPlist.strings */,
				6003F599195388D20070C39A /* main.m */,
				6003F59B195388D20070C39A /* JayRKit-Prefix.pch */,
			);
			name = "Supporting Files";
			sourceTree = "<group>";
		};
		6003F5B5195388D20070C39A /* Tests */ = {
			isa = PBXGroup;
			children = (
				6003F5BB195388D20070C39A /* Tests.m */,
				6003F5B6195388D20070C39A /* Supporting Files */,
			);
			path = Tests;
			sourceTree = "<group>";
		};
		6003F5B6195388D20070C39A /* Supporting Files */ = {
			isa = PBXGroup;
			children = (
				6003F5B7195388D20070C39A /* Info.plist */,
				6003F5B8195388D20070C39A /* InfoPlist.strings */,
				606FC2411953D9B200FFA9A0 /* Tests-Prefix.pch */,
			);
			name = "Supporting Files";
			sourceTree = "<group>";
		};
		60FF7A9C1954A5C5007DD14C /* Podspec Metadata */ = {
			isa = PBXGroup;
			children = (
				55B3C9679938E61A05E46BF3 /* JayRKit.podspec */,
				DA2F9E815A13421E8D2208BE /* README.md */,
				358474BF83C7A7CD98B22FAB /* LICENSE */,
			);
			name = "Podspec Metadata";
			sourceTree = "<group>";
		};
		7A2C9F292A85E20F00D44F5D /* JRObject */ = {
			isa = PBXGroup;
			children = (
				7A76F7432A73FD7B00C23891 /* JRTarget.h */,
				7A76F7442A73FD7B00C23891 /* JRTarget.m */,
				7A2C9F322A86251C00D44F5D /* JRModel.h */,
				7A2C9F302A86251500D44F5D /* JRModel.m */,
			);
			name = JRObject;
			sourceTree = "<group>";
		};
		7A76F72D2A726C7800C23891 /* JayRKit */ = {
			isa = PBXGroup;
			children = (
				7A76F72E2A726C9F00C23891 /* JayRKit.h */,
				7A7A6F692A8A2E4A00657C29 /* JRView */,
				7A2C9F292A85E20F00D44F5D /* JRObject */,
				7AE157432A80CBCF006435E8 /* JRMacro */,
				7A76F7382A72B73E00C23891 /* JRDebug */,
				7A76F72F2A726CB100C23891 /* JRCategory */,
			);
			name = JayRKit;
			sourceTree = "<group>";
		};
		7A76F72F2A726CB100C23891 /* JRCategory */ = {
			isa = PBXGroup;
			children = (
				7A76F7342A7273CD00C23891 /* Foundation */,
				7A76F7332A7273C500C23891 /* UIKit */,
			);
			name = JRCategory;
			sourceTree = "<group>";
		};
		7A76F7332A7273C500C23891 /* UIKit */ = {
			isa = PBXGroup;
			children = (
				7A76F7402A73FD0600C23891 /* UIButton+JRKit.h */,
				7A76F7412A73FD0600C23891 /* UIButton+JRKit.m */,
				7A2C9F232A85DCB600D44F5D /* UIControl+JRKit.h */,
				7A2C9F242A85DCB600D44F5D /* UIControl+JRKit.m */,
				7A76F7302A726CCF00C23891 /* UITapGestureRecognizer+JRKit.h */,
				7A76F7312A726CCF00C23891 /* UITapGestureRecognizer+JRKit.m */,
				7A2C9F2D2A85E3EA00D44F5D /* UIView+JRKit.h */,
				7A2C9F2E2A85E3EA00D44F5D /* UIView+JRKit.m */,
				7A2C9F2A2A85E2AD00D44F5D /* UIViewController+JRKit.h */,
				7A2C9F2B2A85E2AD00D44F5D /* UIViewController+JRKit.m */,
			);
			name = UIKit;
			sourceTree = "<group>";
		};
		7A76F7342A7273CD00C23891 /* Foundation */ = {
			isa = PBXGroup;
			children = (
				7A76F7352A7273D900C23891 /* NSObject+JRKit.h */,
				7A76F7362A7273D900C23891 /* NSObject+JRKit.m */,
				7A2C9F262A85DCCA00D44F5D /* NSString+JRKit.h */,
				7A2C9F272A85DCCA00D44F5D /* NSString+JRKit.m */,
			);
			name = Foundation;
			sourceTree = "<group>";
		};
		7A76F7382A72B73E00C23891 /* JRDebug */ = {
			isa = PBXGroup;
			children = (
				7A76F73A2A72B79C00C23891 /* JRDebugManager */,
				7A76F7392A72B79800C23891 /* View */,
			);
			name = JRDebug;
			sourceTree = "<group>";
		};
		7A76F7392A72B79800C23891 /* View */ = {
			isa = PBXGroup;
			children = (
				7A76F73C2A72B7AC00C23891 /* JRDebugButton */,
			);
			name = View;
			sourceTree = "<group>";
		};
		7A76F73A2A72B79C00C23891 /* JRDebugManager */ = {
			isa = PBXGroup;
			children = (
				7A76F73D2A72B7D600C23891 /* JRDebugManager.h */,
				7A76F73E2A72B7D600C23891 /* JRDebugManager.m */,
			);
			name = JRDebugManager;
			sourceTree = "<group>";
		};
		7A76F73C2A72B7AC00C23891 /* JRDebugButton */ = {
			isa = PBXGroup;
			children = (
			);
			name = JRDebugButton;
			sourceTree = "<group>";
		};
		7A7A6F692A8A2E4A00657C29 /* JRView */ = {
			isa = PBXGroup;
			children = (
				7A7A6F712A8A4D6100657C29 /* JRPath */,
				7A7A6F702A8A2F5800657C29 /* JRFillVerifyCodeView */,
			);
			name = JRView;
			sourceTree = "<group>";
		};
		7A7A6F702A8A2F5800657C29 /* JRFillVerifyCodeView */ = {
			isa = PBXGroup;
			children = (
				7A7A6F6C2A8A2E8700657C29 /* JRFillVerifyCodeView.h */,
				7A7A6F6A2A8A2E7F00657C29 /* JRFillVerifyCodeView.m */,
				7A7A6F6F2A8A2F5000657C29 /* JRVerifyCodeInputView.h */,
				7A7A6F6D2A8A2F4700657C29 /* JRVerifyCodeInputView.m */,
			);
			name = JRFillVerifyCodeView;
			sourceTree = "<group>";
		};
		7A7A6F712A8A4D6100657C29 /* JRPath */ = {
			isa = PBXGroup;
			children = (
				7A7A6F742A8A4D7800657C29 /* JRPath.h */,
				7A7A6F722A8A4D7100657C29 /* JRPath.m */,
			);
			name = JRPath;
			sourceTree = "<group>";
		};
		7AE157432A80CBCF006435E8 /* JRMacro */ = {
			isa = PBXGroup;
			children = (
				7AE157442A80CBE2006435E8 /* JRMacro.h */,
			);
			name = JRMacro;
			sourceTree = "<group>";
		};
/* End PBXGroup section */

/* Begin PBXNativeTarget section */
		6003F589195388D20070C39A /* JayRKit_Example */ = {
			isa = PBXNativeTarget;
			buildConfigurationList = 6003F5BF195388D20070C39A /* Build configuration list for PBXNativeTarget "JayRKit_Example" */;
			buildPhases = (
				6003F586195388D20070C39A /* Sources */,
				6003F587195388D20070C39A /* Frameworks */,
				6003F588195388D20070C39A /* Resources */,
			);
			buildRules = (
			);
			dependencies = (
			);
			name = JayRKit_Example;
			productName = JayRKit;
			productReference = 6003F58A195388D20070C39A /* JayRKit_Example.app */;
			productType = "com.apple.product-type.application";
		};
		6003F5AD195388D20070C39A /* JayRKit_Tests */ = {
			isa = PBXNativeTarget;
			buildConfigurationList = 6003F5C2195388D20070C39A /* Build configuration list for PBXNativeTarget "JayRKit_Tests" */;
			buildPhases = (
				6003F5AA195388D20070C39A /* Sources */,
				6003F5AB195388D20070C39A /* Frameworks */,
				6003F5AC195388D20070C39A /* Resources */,
			);
			buildRules = (
			);
			dependencies = (
				6003F5B4195388D20070C39A /* PBXTargetDependency */,
			);
			name = JayRKit_Tests;
			productName = JayRKitTests;
			productReference = 6003F5AE195388D20070C39A /* JayRKit_Tests.xctest */;
			productType = "com.apple.product-type.bundle.unit-test";
		};
/* End PBXNativeTarget section */

/* Begin PBXProject section */
		6003F582195388D10070C39A /* Project object */ = {
			isa = PBXProject;
			attributes = {
				CLASSPREFIX = JR;
				LastUpgradeCheck = 0720;
				ORGANIZATIONNAME = "jaySun-ch";
				TargetAttributes = {
					6003F5AD195388D20070C39A = {
						TestTargetID = 6003F589195388D20070C39A;
					};
				};
			};
			buildConfigurationList = 6003F585195388D10070C39A /* Build configuration list for PBXProject "JayRKit" */;
			compatibilityVersion = "Xcode 3.2";
			developmentRegion = English;
			hasScannedForEncodings = 0;
			knownRegions = (
				English,
				en,
				Base,
			);
			mainGroup = 6003F581195388D10070C39A;
			productRefGroup = 6003F58B195388D20070C39A /* Products */;
			projectDirPath = "";
			projectRoot = "";
			targets = (
				6003F589195388D20070C39A /* JayRKit_Example */,
				6003F5AD195388D20070C39A /* JayRKit_Tests */,
			);
		};
/* End PBXProject section */

/* Begin PBXResourcesBuildPhase section */
		6003F588195388D20070C39A /* Resources */ = {
			isa = PBXResourcesBuildPhase;
			buildActionMask = 2147483647;
			files = (
				71719F9F1E33DC2100824A3D /* LaunchScreen.storyboard in Resources */,
				7A2C9F342A862AFF00D44F5D /* test.json in Resources */,
				6003F5A9195388D20070C39A /* Images.xcassets in Resources */,
				7A7A6F682A8A173100657C29 /* JayRKit-Info.plist in Resources */,
				6003F598195388D20070C39A /* InfoPlist.strings in Resources */,
			);
			runOnlyForDeploymentPostprocessing = 0;
		};
		6003F5AC195388D20070C39A /* Resources */ = {
			isa = PBXResourcesBuildPhase;
			buildActionMask = 2147483647;
			files = (
				6003F5BA195388D20070C39A /* InfoPlist.strings in Resources */,
			);
			runOnlyForDeploymentPostprocessing = 0;
		};
/* End PBXResourcesBuildPhase section */

/* Begin PBXSourcesBuildPhase section */
		6003F586195388D20070C39A /* Sources */ = {
			isa = PBXSourcesBuildPhase;
			buildActionMask = 2147483647;
			files = (
				7A76F7422A73FD0600C23891 /* UIButton+JRKit.m in Sources */,
				7A2C9F2F2A85E3EA00D44F5D /* UIView+JRKit.m in Sources */,
				7A2C9F2C2A85E2AD00D44F5D /* UIViewController+JRKit.m in Sources */,
				6003F59E195388D20070C39A /* JRAppDelegate.m in Sources */,
				7A2C9F282A85DCCA00D44F5D /* NSString+JRKit.m in Sources */,
				7A76F73F2A72B7D600C23891 /* JRDebugManager.m in Sources */,
				7A2C9F252A85DCB600D44F5D /* UIControl+JRKit.m in Sources */,
				6003F5A7195388D20070C39A /* JRViewController.m in Sources */,
				7A76F7452A73FD7B00C23891 /* JRTarget.m in Sources */,
				7A7A6F6B2A8A2E7F00657C29 /* JRFillVerifyCodeView.m in Sources */,
				7A76F7372A7273D900C23891 /* NSObject+JRKit.m in Sources */,
				7A76F7322A726CCF00C23891 /* UITapGestureRecognizer+JRKit.m in Sources */,
				7A7A6F732A8A4D7100657C29 /* JRPath.m in Sources */,
				6003F59A195388D20070C39A /* main.m in Sources */,
				7A7A6F6E2A8A2F4700657C29 /* JRVerifyCodeInputView.m in Sources */,
				7A2C9F312A86251500D44F5D /* JRModel.m in Sources */,
			);
			runOnlyForDeploymentPostprocessing = 0;
		};
		6003F5AA195388D20070C39A /* Sources */ = {
			isa = PBXSourcesBuildPhase;
			buildActionMask = 2147483647;
			files = (
				6003F5BC195388D20070C39A /* Tests.m in Sources */,
			);
			runOnlyForDeploymentPostprocessing = 0;
		};
/* End PBXSourcesBuildPhase section */

/* Begin PBXTargetDependency section */
		6003F5B4195388D20070C39A /* PBXTargetDependency */ = {
			isa = PBXTargetDependency;
			target = 6003F589195388D20070C39A /* JayRKit_Example */;
			targetProxy = 6003F5B3195388D20070C39A /* PBXContainerItemProxy */;
		};
/* End PBXTargetDependency section */

/* Begin PBXVariantGroup section */
		6003F596195388D20070C39A /* InfoPlist.strings */ = {
			isa = PBXVariantGroup;
			children = (
				6003F597195388D20070C39A /* en */,
			);
			name = InfoPlist.strings;
			sourceTree = "<group>";
		};
		6003F5B8195388D20070C39A /* InfoPlist.strings */ = {
			isa = PBXVariantGroup;
			children = (
				6003F5B9195388D20070C39A /* en */,
			);
			name = InfoPlist.strings;
			sourceTree = "<group>";
		};
		71719F9D1E33DC2100824A3D /* LaunchScreen.storyboard */ = {
			isa = PBXVariantGroup;
			children = (
				71719F9E1E33DC2100824A3D /* Base */,
			);
			name = LaunchScreen.storyboard;
			sourceTree = "<group>";
		};
/* End PBXVariantGroup section */

/* Begin XCBuildConfiguration section */
		6003F5BD195388D20070C39A /* Debug */ = {
			isa = XCBuildConfiguration;
			buildSettings = {
				ALWAYS_SEARCH_USER_PATHS = NO;
				CLANG_CXX_LANGUAGE_STANDARD = "gnu++0x";
				CLANG_CXX_LIBRARY = "libc++";
				CLANG_ENABLE_MODULES = YES;
				CLANG_ENABLE_OBJC_ARC = YES;
				CLANG_WARN_BOOL_CONVERSION = YES;
				CLANG_WARN_CONSTANT_CONVERSION = YES;
				CLANG_WARN_DIRECT_OBJC_ISA_USAGE = YES_ERROR;
				CLANG_WARN_EMPTY_BODY = YES;
				CLANG_WARN_ENUM_CONVERSION = YES;
				CLANG_WARN_INT_CONVERSION = YES;
				CLANG_WARN_OBJC_ROOT_CLASS = YES_ERROR;
				CLANG_WARN__DUPLICATE_METHOD_MATCH = YES;
				"CODE_SIGN_IDENTITY[sdk=iphoneos*]" = "iPhone Developer";
				COPY_PHASE_STRIP = NO;
				ENABLE_TESTABILITY = YES;
				GCC_C_LANGUAGE_STANDARD = gnu99;
				GCC_DYNAMIC_NO_PIC = NO;
				GCC_OPTIMIZATION_LEVEL = 0;
				GCC_PREPROCESSOR_DEFINITIONS = (
					"DEBUG=1",
					"$(inherited)",
				);
				GCC_SYMBOLS_PRIVATE_EXTERN = NO;
				GCC_WARN_64_TO_32_BIT_CONVERSION = YES;
				GCC_WARN_ABOUT_RETURN_TYPE = YES_ERROR;
				GCC_WARN_UNDECLARED_SELECTOR = YES;
				GCC_WARN_UNINITIALIZED_AUTOS = YES_AGGRESSIVE;
				GCC_WARN_UNUSED_FUNCTION = YES;
				GCC_WARN_UNUSED_VARIABLE = YES;
				GENERATE_INFOPLIST_FILE = YES;
				IPHONEOS_DEPLOYMENT_TARGET = 11.0;
				ONLY_ACTIVE_ARCH = YES;
				SDKROOT = iphoneos;
				TARGETED_DEVICE_FAMILY = "1,2";
			};
			name = Debug;
		};
		6003F5BE195388D20070C39A /* Release */ = {
			isa = XCBuildConfiguration;
			buildSettings = {
				ALWAYS_SEARCH_USER_PATHS = NO;
				CLANG_CXX_LANGUAGE_STANDARD = "gnu++0x";
				CLANG_CXX_LIBRARY = "libc++";
				CLANG_ENABLE_MODULES = YES;
				CLANG_ENABLE_OBJC_ARC = YES;
				CLANG_WARN_BOOL_CONVERSION = YES;
				CLANG_WARN_CONSTANT_CONVERSION = YES;
				CLANG_WARN_DIRECT_OBJC_ISA_USAGE = YES_ERROR;
				CLANG_WARN_EMPTY_BODY = YES;
				CLANG_WARN_ENUM_CONVERSION = YES;
				CLANG_WARN_INT_CONVERSION = YES;
				CLANG_WARN_OBJC_ROOT_CLASS = YES_ERROR;
				CLANG_WARN__DUPLICATE_METHOD_MATCH = YES;
				"CODE_SIGN_IDENTITY[sdk=iphoneos*]" = "iPhone Developer";
				COPY_PHASE_STRIP = YES;
				ENABLE_NS_ASSERTIONS = NO;
				GCC_C_LANGUAGE_STANDARD = gnu99;
				GCC_WARN_64_TO_32_BIT_CONVERSION = YES;
				GCC_WARN_ABOUT_RETURN_TYPE = YES_ERROR;
				GCC_WARN_UNDECLARED_SELECTOR = YES;
				GCC_WARN_UNINITIALIZED_AUTOS = YES_AGGRESSIVE;
				GCC_WARN_UNUSED_FUNCTION = YES;
				GCC_WARN_UNUSED_VARIABLE = YES;
				GENERATE_INFOPLIST_FILE = YES;
				IPHONEOS_DEPLOYMENT_TARGET = 11.0;
				SDKROOT = iphoneos;
				TARGETED_DEVICE_FAMILY = "1,2";
				VALIDATE_PRODUCT = YES;
			};
			name = Release;
		};
		6003F5C0195388D20070C39A /* Debug */ = {
			isa = XCBuildConfiguration;
			buildSettings = {
				ASSETCATALOG_COMPILER_APPICON_NAME = AppIcon;
				CURRENT_PROJECT_VERSION = 1;
				GCC_PRECOMPILE_PREFIX_HEADER = YES;
				GCC_PREFIX_HEADER = "JayRKit/JayRKit-Prefix.pch";
				GENERATE_INFOPLIST_FILE = YES;
				INFOPLIST_FILE = "JayRKit/JayRKit-Info.plist";
				INFOPLIST_KEY_CFBundleDisplayName = "${PRODUCT_NAME}";
				INFOPLIST_KEY_LSApplicationCategoryType = "";
				INFOPLIST_KEY_UILaunchStoryboardName = LaunchScreen;
				INFOPLIST_KEY_UIRequiredDeviceCapabilities = armv7;
				INFOPLIST_KEY_UISupportedInterfaceOrientations = "UIInterfaceOrientationPortrait UIInterfaceOrientationLandscapeLeft UIInterfaceOrientationLandscapeRight";
				INFOPLIST_KEY_UISupportedInterfaceOrientations_iPad = "UIInterfaceOrientationPortrait UIInterfaceOrientationPortraitUpsideDown UIInterfaceOrientationLandscapeLeft UIInterfaceOrientationLandscapeRight";
				IPHONEOS_DEPLOYMENT_TARGET = 11.0;
				MARKETING_VERSION = 1.0;
				MODULE_NAME = ExampleApp;
				PRODUCT_BUNDLE_IDENTIFIER = "org.cocoapods.demo.${PRODUCT_NAME:rfc1034identifier}";
				PRODUCT_NAME = "$(TARGET_NAME)";
				SUPPORTED_PLATFORMS = "iphoneos iphonesimulator";
				SUPPORTS_MACCATALYST = NO;
				SUPPORTS_MAC_DESIGNED_FOR_IPHONE_IPAD = NO;
				SWIFT_VERSION = 4.0;
				TARGETED_DEVICE_FAMILY = 1;
				WRAPPER_EXTENSION = app;
			};
			name = Debug;
		};
		6003F5C1195388D20070C39A /* Release */ = {
			isa = XCBuildConfiguration;
			buildSettings = {
				ASSETCATALOG_COMPILER_APPICON_NAME = AppIcon;
				CURRENT_PROJECT_VERSION = 1;
				GCC_PRECOMPILE_PREFIX_HEADER = YES;
				GCC_PREFIX_HEADER = "JayRKit/JayRKit-Prefix.pch";
				GENERATE_INFOPLIST_FILE = YES;
				INFOPLIST_FILE = "JayRKit/JayRKit-Info.plist";
				INFOPLIST_KEY_CFBundleDisplayName = "${PRODUCT_NAME}";
				INFOPLIST_KEY_LSApplicationCategoryType = "";
				INFOPLIST_KEY_UILaunchStoryboardName = LaunchScreen;
				INFOPLIST_KEY_UIRequiredDeviceCapabilities = armv7;
				INFOPLIST_KEY_UISupportedInterfaceOrientations = "UIInterfaceOrientationPortrait UIInterfaceOrientationLandscapeLeft UIInterfaceOrientationLandscapeRight";
				INFOPLIST_KEY_UISupportedInterfaceOrientations_iPad = "UIInterfaceOrientationPortrait UIInterfaceOrientationPortraitUpsideDown UIInterfaceOrientationLandscapeLeft UIInterfaceOrientationLandscapeRight";
				IPHONEOS_DEPLOYMENT_TARGET = 11.0;
				MARKETING_VERSION = 1.0;
				MODULE_NAME = ExampleApp;
				PRODUCT_BUNDLE_IDENTIFIER = "org.cocoapods.demo.${PRODUCT_NAME:rfc1034identifier}";
				PRODUCT_NAME = "$(TARGET_NAME)";
				SUPPORTED_PLATFORMS = "iphoneos iphonesimulator";
				SUPPORTS_MACCATALYST = NO;
				SUPPORTS_MAC_DESIGNED_FOR_IPHONE_IPAD = NO;
				SWIFT_VERSION = 4.0;
				TARGETED_DEVICE_FAMILY = 1;
				WRAPPER_EXTENSION = app;
			};
			name = Release;
		};
		6003F5C3195388D20070C39A /* Debug */ = {
			isa = XCBuildConfiguration;
			buildSettings = {
				BUNDLE_LOADER = "$(TEST_HOST)";
				DONT_GENERATE_INFOPLIST_FILE = YES;
				FRAMEWORK_SEARCH_PATHS = (
					"$(PLATFORM_DIR)/Developer/Library/Frameworks",
					"$(inherited)",
					"$(DEVELOPER_FRAMEWORKS_DIR)",
				);
				GCC_PRECOMPILE_PREFIX_HEADER = YES;
				GCC_PREFIX_HEADER = "Tests/Tests-Prefix.pch";
				GCC_PREPROCESSOR_DEFINITIONS = (
					"DEBUG=1",
					"$(inherited)",
				);
				GENERATE_INFOPLIST_FILE = YES;
				GENERATE_PKGINFO_FILE = YES;
				INFOPLIST_FILE = JayRKit/Info.plist;
				PRODUCT_BUNDLE_IDENTIFIER = "org.cocoapods.demo.${PRODUCT_NAME:rfc1034identifier}";
				PRODUCT_NAME = "$(TARGET_NAME)";
				SWIFT_VERSION = 4.0;
				TEST_HOST = "$(BUILT_PRODUCTS_DIR)/JayRKit_Example.app/JayRKit_Example";
				WRAPPER_EXTENSION = xctest;
			};
			name = Debug;
		};
		6003F5C4195388D20070C39A /* Release */ = {
			isa = XCBuildConfiguration;
			buildSettings = {
				BUNDLE_LOADER = "$(TEST_HOST)";
				DONT_GENERATE_INFOPLIST_FILE = YES;
				FRAMEWORK_SEARCH_PATHS = (
					"$(PLATFORM_DIR)/Developer/Library/Frameworks",
					"$(inherited)",
					"$(DEVELOPER_FRAMEWORKS_DIR)",
				);
				GCC_PRECOMPILE_PREFIX_HEADER = YES;
				GCC_PREFIX_HEADER = "Tests/Tests-Prefix.pch";
				GENERATE_INFOPLIST_FILE = YES;
				GENERATE_PKGINFO_FILE = YES;
				INFOPLIST_FILE = JayRKit/Info.plist;
				PRODUCT_BUNDLE_IDENTIFIER = "org.cocoapods.demo.${PRODUCT_NAME:rfc1034identifier}";
				PRODUCT_NAME = "$(TARGET_NAME)";
				SWIFT_VERSION = 4.0;
				TEST_HOST = "$(BUILT_PRODUCTS_DIR)/JayRKit_Example.app/JayRKit_Example";
				WRAPPER_EXTENSION = xctest;
			};
			name = Release;
		};
/* End XCBuildConfiguration section */

/* Begin XCConfigurationList section */
		6003F585195388D10070C39A /* Build configuration list for PBXProject "JayRKit" */ = {
			isa = XCConfigurationList;
			buildConfigurations = (
				6003F5BD195388D20070C39A /* Debug */,
				6003F5BE195388D20070C39A /* Release */,
			);
			defaultConfigurationIsVisible = 0;
			defaultConfigurationName = Release;
		};
		6003F5BF195388D20070C39A /* Build configuration list for PBXNativeTarget "JayRKit_Example" */ = {
			isa = XCConfigurationList;
			buildConfigurations = (
				6003F5C0195388D20070C39A /* Debug */,
				6003F5C1195388D20070C39A /* Release */,
			);
			defaultConfigurationIsVisible = 0;
			defaultConfigurationName = Release;
		};
		6003F5C2195388D20070C39A /* Build configuration list for PBXNativeTarget "JayRKit_Tests" */ = {
			isa = XCConfigurationList;
			buildConfigurations = (
				6003F5C3195388D20070C39A /* Debug */,
				6003F5C4195388D20070C39A /* Release */,
			);
			defaultConfigurationIsVisible = 0;
			defaultConfigurationName = Release;
		};
/* End XCConfigurationList section */
	};
	rootObject = 6003F582195388D10070C39A /* Project object */;
}
